
Microsoft Visual Studio Solution File, Format Version 12.00
# Visual Studio Version 17
VisualStudioVersion = 17.8.34322.80
MinimumVisualStudioVersion = 10.0.40219.1
Project("{FAE04EC0-301F-11D3-BF4B-00C04F79EFBC}") = "MvcProje", "MvcProje.csproj", "{C5ADB3E8-EFBE-461E-A73A-1304683B38F9}"
EndProject
Project("{FAE04EC0-301F-11D3-BF4B-00C04F79EFBC}") = "EntityLayer", "..\EntityLayer\EntityLayer.csproj", "{08EDECA7-0E36-40A4-911F-504C9D829F1F}"
EndProject
Project("{FAE04EC0-301F-11D3-BF4B-00C04F79EFBC}") = "DataAccessLayer", "..\DataAccessLayer\DataAccessLayer.csproj", "{1C562DE8-9923-4F10-9C0D-04EEEB23347D}"
EndProject
Project("{FAE04EC0-301F-11D3-BF4B-00C04F79EFBC}") = "BussinessLayer", "..\BussinessLayer\BussinessLayer.csproj", "{28980126-6D15-4728-BC3E-5A5713368DBA}"
EndProject
Global
	GlobalSection(SolutionConfigurationPlatforms) = preSolution
		Debug|Any CPU = Debug|Any CPU
		Release|Any CPU = Release|Any CPU
	EndGlobalSection
	GlobalSection(ProjectConfigurationPlatforms) = postSolution
		{C5ADB3E8-EFBE-461E-A73A-1304683B38F9}.Debug|Any CPU.ActiveCfg = Debug|Any CPU
		{C5ADB3E8-EFBE-461E-A73A-1304683B38F9}.Debug|Any CPU.Build.0 = Debug|Any CPU
		{C5ADB3E8-EFBE-461E-A73A-1304683B38F9}.Release|Any CPU.ActiveCfg = Release|Any CPU
		{C5ADB3E8-EFBE-461E-A73A-1304683B38F9}.Release|Any CPU.Build.0 = Release|Any CPU
		{08EDECA7-0E36-40A4-911F-504C9D829F1F}.Debug|Any CPU.ActiveCfg = Debug|Any CPU
		{08EDECA7-0E36-40A4-911F-504C9D829F1F}.Debug|Any CPU.Build.0 = Debug|Any CPU
		{08EDECA7-0E36-40A4-911F-504C9D829F1F}.Release|Any CPU.ActiveCfg = Release|Any CPU
		{08EDECA7-0E36-40A4-911F-504C9D829F1F}.Release|Any CPU.Build.0 = Release|Any CPU
		{1C562DE8-9923-4F10-9C0D-04EEEB23347D}.Debug|Any CPU.ActiveCfg = Debug|Any CPU
		{1C562DE8-9923-4F10-9C0D-04EEEB23347D}.Debug|Any CPU.Build.0 = Debug|Any CPU
		{1C562DE8-9923-4F10-9C0D-04EEEB23347D}.Release|Any CPU.ActiveCfg = Release|Any CPU
		{1C562DE8-9923-4F10-9C0D-04EEEB23347D}.Release|Any CPU.Build.0 = Release|Any CPU
		{28980126-6D15-4728-BC3E-5A5713368DBA}.Debug|Any CPU.ActiveCfg = Debug|Any CPU
		{28980126-6D15-4728-BC3E-5A5713368DBA}.Debug|Any CPU.Build.0 = Debug|Any CPU
		{28980126-6D15-4728-BC3E-5A5713368DBA}.Release|Any CPU.ActiveCfg = Release|Any CPU
		{28980126-6D15-4728-BC3E-5A5713368DBA}.Release|Any CPU.Build.0 = Release|Any CPU
	EndGlobalSection
	GlobalSection(SolutionProperties) = preSolution
		HideSolutionNode = FALSE
	EndGlobalSection
	GlobalSection(ExtensibilityGlobals) = postSolution
		SolutionGuid = {4F5FF926-BC0C-481B-8516-4F600BDB3706}
	EndGlobalSection
EndGlobal
